
Microsoft Visual Studio Solution File, Format Version 12.00
# Visual Studio Version 16
VisualStudioVersion = 16.0.31515.178
MinimumVisualStudioVersion = 10.0.40219.1
Project("{9A19103F-16F7-4668-BE54-9A1E7A4F7556}") = "ESourcing.Products", "ESourcing.Products\ESourcing.Products.csproj", "{8F3F70B5-0AC2-4D08-9645-1DE1A42E3E4A}"
EndProject
Project("{2150E333-8FDC-42A3-9474-1A3956D46DE8}") = "Products", "Products", "{3E708942-0281-440D-93BD-E135551F3065}"
EndProject
Project("{2150E333-8FDC-42A3-9474-1A3956D46DE8}") = "src", "src", "{C50910F4-6D50-4BEC-BD09-0F1A293D51E7}"
EndProject
Project("{2150E333-8FDC-42A3-9474-1A3956D46DE8}") = "ApiGateway", "ApiGateway", "{00C0F8D5-1ADE-4060-A10C-885FA3D19D0B}"
EndProject
Project("{2150E333-8FDC-42A3-9474-1A3956D46DE8}") = "Services", "Services", "{9138D663-AB21-4610-AEB7-4800444E73A7}"
EndProject
Project("{2150E333-8FDC-42A3-9474-1A3956D46DE8}") = "WebApp", "WebApp", "{406B272C-B358-44FD-80F5-6B9B26D0A1DB}"
EndProject
Project("{2150E333-8FDC-42A3-9474-1A3956D46DE8}") = "Common", "Common", "{CC4841B8-DD80-41ED-BB1D-B64AC1172CC1}"
EndProject
Project("{2150E333-8FDC-42A3-9474-1A3956D46DE8}") = "Order", "Order", "{8A9E4A30-C7B1-4176-A811-5774CC0451C0}"
EndProject
Project("{2150E333-8FDC-42A3-9474-1A3956D46DE8}") = "Sourcing", "Sourcing", "{C805C707-BFC9-4C43-82BC-D52B0A606D35}"
EndProject
Project("{E53339B2-1760-4266-BCC7-CA923CBCF16C}") = "docker-compose", "docker-compose.dcproj", "{5F247AD4-2C3F-4929-B737-9F72F3EC41B5}"
EndProject
Global
	GlobalSection(SolutionConfigurationPlatforms) = preSolution
		Debug|Any CPU = Debug|Any CPU
		Release|Any CPU = Release|Any CPU
	EndGlobalSection
	GlobalSection(ProjectConfigurationPlatforms) = postSolution
		{8F3F70B5-0AC2-4D08-9645-1DE1A42E3E4A}.Debug|Any CPU.ActiveCfg = Debug|Any CPU
		{8F3F70B5-0AC2-4D08-9645-1DE1A42E3E4A}.Debug|Any CPU.Build.0 = Debug|Any CPU
		{8F3F70B5-0AC2-4D08-9645-1DE1A42E3E4A}.Release|Any CPU.ActiveCfg = Release|Any CPU
		{8F3F70B5-0AC2-4D08-9645-1DE1A42E3E4A}.Release|Any CPU.Build.0 = Release|Any CPU
		{5F247AD4-2C3F-4929-B737-9F72F3EC41B5}.Debug|Any CPU.ActiveCfg = Debug|Any CPU
		{5F247AD4-2C3F-4929-B737-9F72F3EC41B5}.Debug|Any CPU.Build.0 = Debug|Any CPU
		{5F247AD4-2C3F-4929-B737-9F72F3EC41B5}.Release|Any CPU.ActiveCfg = Release|Any CPU
		{5F247AD4-2C3F-4929-B737-9F72F3EC41B5}.Release|Any CPU.Build.0 = Release|Any CPU
	EndGlobalSection
	GlobalSection(SolutionProperties) = preSolution
		HideSolutionNode = FALSE
	EndGlobalSection
	GlobalSection(NestedProjects) = preSolution
		{8F3F70B5-0AC2-4D08-9645-1DE1A42E3E4A} = {3E708942-0281-440D-93BD-E135551F3065}
		{3E708942-0281-440D-93BD-E135551F3065} = {9138D663-AB21-4610-AEB7-4800444E73A7}
		{00C0F8D5-1ADE-4060-A10C-885FA3D19D0B} = {C50910F4-6D50-4BEC-BD09-0F1A293D51E7}
		{9138D663-AB21-4610-AEB7-4800444E73A7} = {C50910F4-6D50-4BEC-BD09-0F1A293D51E7}
		{406B272C-B358-44FD-80F5-6B9B26D0A1DB} = {C50910F4-6D50-4BEC-BD09-0F1A293D51E7}
		{CC4841B8-DD80-41ED-BB1D-B64AC1172CC1} = {9138D663-AB21-4610-AEB7-4800444E73A7}
		{8A9E4A30-C7B1-4176-A811-5774CC0451C0} = {9138D663-AB21-4610-AEB7-4800444E73A7}
		{C805C707-BFC9-4C43-82BC-D52B0A606D35} = {9138D663-AB21-4610-AEB7-4800444E73A7}
	EndGlobalSection
	GlobalSection(ExtensibilityGlobals) = postSolution
		SolutionGuid = {2C9AC226-37D8-4F21-9C90-8C91B69BE282}
	EndGlobalSection
EndGlobal
